
Microsoft Visual Studio Solution File, Format Version 12.00
# Visual Studio 15
VisualStudioVersion = 15.0.27130.2027
MinimumVisualStudioVersion = 10.0.40219.1
Project("{9A19103F-16F7-4668-BE54-9A1E7A4F7556}") = "WEB_API_Task", "WEB_API_Task_WebApplication\WEB_API_Task.csproj", "{C6E0D88D-D583-492E-8526-E62925F8BC6A}"
EndProject
Project("{9A19103F-16F7-4668-BE54-9A1E7A4F7556}") = "Database", "Database\Database.csproj", "{D1211517-4246-4789-AEB5-4C886B556076}"
EndProject
Global
	GlobalSection(SolutionConfigurationPlatforms) = preSolution
		Debug|Any CPU = Debug|Any CPU
		Release|Any CPU = Release|Any CPU
	EndGlobalSection
	GlobalSection(ProjectConfigurationPlatforms) = postSolution
		{C6E0D88D-D583-492E-8526-E62925F8BC6A}.Debug|Any CPU.ActiveCfg = Debug|Any CPU
		{C6E0D88D-D583-492E-8526-E62925F8BC6A}.Debug|Any CPU.Build.0 = Debug|Any CPU
		{C6E0D88D-D583-492E-8526-E62925F8BC6A}.Release|Any CPU.ActiveCfg = Release|Any CPU
		{C6E0D88D-D583-492E-8526-E62925F8BC6A}.Release|Any CPU.Build.0 = Release|Any CPU
		{D1211517-4246-4789-AEB5-4C886B556076}.Debug|Any CPU.ActiveCfg = Debug|Any CPU
		{D1211517-4246-4789-AEB5-4C886B556076}.Debug|Any CPU.Build.0 = Debug|Any CPU
		{D1211517-4246-4789-AEB5-4C886B556076}.Release|Any CPU.ActiveCfg = Release|Any CPU
		{D1211517-4246-4789-AEB5-4C886B556076}.Release|Any CPU.Build.0 = Release|Any CPU
	EndGlobalSection
	GlobalSection(SolutionProperties) = preSolution
		HideSolutionNode = FALSE
	EndGlobalSection
	GlobalSection(ExtensibilityGlobals) = postSolution
		SolutionGuid = {93D5027F-EC38-4363-891C-FE54FB6D3A43}
	EndGlobalSection
EndGlobal
